
Microsoft Visual Studio Solution File, Format Version 12.00
# Visual Studio Version 16
VisualStudioVersion = 16.0.30204.135
MinimumVisualStudioVersion = 10.0.40219.1
Project("{FAE04EC0-301F-11D3-BF4B-00C04F79EFBC}") = "FriendOrganiser.UI", "FriendOrganiser.UI\FriendOrganiser.UI.csproj", "{C30BC417-C867-4421-9ADD-1B88405A1C1D}"
EndProject
Project("{FAE04EC0-301F-11D3-BF4B-00C04F79EFBC}") = "FriendOrganiser.DataAccess", "FriendOrganiser.DataAccess\FriendOrganiser.DataAccess.csproj", "{56AEE592-8CC0-44A9-85B1-4762D91A4C8E}"
EndProject
Project("{FAE04EC0-301F-11D3-BF4B-00C04F79EFBC}") = "FriendOrganiser.Model", "FriendOrganiser.Model\FriendOrganiser.Model.csproj", "{E95B4A98-46D7-4A3E-BCC4-1F179AE61B2F}"
EndProject
Global
	GlobalSection(SolutionConfigurationPlatforms) = preSolution
		Debug|Any CPU = Debug|Any CPU
		Release|Any CPU = Release|Any CPU
	EndGlobalSection
	GlobalSection(ProjectConfigurationPlatforms) = postSolution
		{C30BC417-C867-4421-9ADD-1B88405A1C1D}.Debug|Any CPU.ActiveCfg = Debug|Any CPU
		{C30BC417-C867-4421-9ADD-1B88405A1C1D}.Debug|Any CPU.Build.0 = Debug|Any CPU
		{C30BC417-C867-4421-9ADD-1B88405A1C1D}.Release|Any CPU.ActiveCfg = Release|Any CPU
		{C30BC417-C867-4421-9ADD-1B88405A1C1D}.Release|Any CPU.Build.0 = Release|Any CPU
		{56AEE592-8CC0-44A9-85B1-4762D91A4C8E}.Debug|Any CPU.ActiveCfg = Debug|Any CPU
		{56AEE592-8CC0-44A9-85B1-4762D91A4C8E}.Debug|Any CPU.Build.0 = Debug|Any CPU
		{56AEE592-8CC0-44A9-85B1-4762D91A4C8E}.Release|Any CPU.ActiveCfg = Release|Any CPU
		{56AEE592-8CC0-44A9-85B1-4762D91A4C8E}.Release|Any CPU.Build.0 = Release|Any CPU
		{E95B4A98-46D7-4A3E-BCC4-1F179AE61B2F}.Debug|Any CPU.ActiveCfg = Debug|Any CPU
		{E95B4A98-46D7-4A3E-BCC4-1F179AE61B2F}.Debug|Any CPU.Build.0 = Debug|Any CPU
		{E95B4A98-46D7-4A3E-BCC4-1F179AE61B2F}.Release|Any CPU.ActiveCfg = Release|Any CPU
		{E95B4A98-46D7-4A3E-BCC4-1F179AE61B2F}.Release|Any CPU.Build.0 = Release|Any CPU
	EndGlobalSection
	GlobalSection(SolutionProperties) = preSolution
		HideSolutionNode = FALSE
	EndGlobalSection
	GlobalSection(ExtensibilityGlobals) = postSolution
		SolutionGuid = {5B024370-38B2-4D2B-995C-7034C80BA7EC}
	EndGlobalSection
EndGlobal
